
Microsoft Visual Studio Solution File, Format Version 12.00
# Visual Studio Version 17
VisualStudioVersion = 17.9.34616.47
MinimumVisualStudioVersion = 10.0.40219.1
Project("{FAE04EC0-301F-11D3-BF4B-00C04F79EFBC}") = "Blackjack_DealersPerspective", "Blackjack_DealersPerspective.csproj", "{B67D70E8-4453-449F-952B-DFB6E1220BD5}"
EndProject
Global
	GlobalSection(SolutionConfigurationPlatforms) = preSolution
		Debug|Any CPU = Debug|Any CPU
		Release|Any CPU = Release|Any CPU
	EndGlobalSection
	GlobalSection(ProjectConfigurationPlatforms) = postSolution
		{B67D70E8-4453-449F-952B-DFB6E1220BD5}.Debug|Any CPU.ActiveCfg = Debug|Any CPU
		{B67D70E8-4453-449F-952B-DFB6E1220BD5}.Debug|Any CPU.Build.0 = Debug|Any CPU
		{B67D70E8-4453-449F-952B-DFB6E1220BD5}.Release|Any CPU.ActiveCfg = Release|Any CPU
		{B67D70E8-4453-449F-952B-DFB6E1220BD5}.Release|Any CPU.Build.0 = Release|Any CPU
	EndGlobalSection
	GlobalSection(SolutionProperties) = preSolution
		HideSolutionNode = FALSE
	EndGlobalSection
	GlobalSection(ExtensibilityGlobals) = postSolution
		SolutionGuid = {FAF0F5BE-7590-4D74-B79A-33FC559E7A6D}
	EndGlobalSection
EndGlobal
